# This file is automatically @generated by Cargo.
# It is not intended for manual editing.
version = 4

[[package]]
name = "file-format"
version = "0.29.0"
source = "registry+https://github.com/rust-lang/crates.io-index"
checksum = "55d9ccda37e95b4f0978a3074b4a9939979103a7256459cfb449c9c84d1adf23"

[[package]]
name = "mcvt"
version = "0.1.0"
dependencies = [
 "file-format",
]
